{
  "version": 1,
  "dependencies": {
    "net10.0-windows10.0.19041": {
      "CommunityToolkit.Mvvm": {
        "type": "Direct",
        "requested": "[8.4.0, )",
        "resolved": "8.4.0",
        "contentHash": "tqVU8yc/ADO9oiTRyTnwhFN68hCwvkliMierptWOudIAvWY1mWCh5VFh+guwHJmpMwfg0J0rY+yyd5Oy7ty9Uw=="
      },
      "Microsoft.Extensions.DependencyInjection": {
        "type": "Direct",
        "requested": "[9.0.0, )",
        "resolved": "9.0.0",
        "contentHash": "MCPrg7v3QgNMr0vX4vzRXvkNGgLg8vKWX0nKCWUxu2uPyMsaRgiRc1tHBnbTcfJMhMKj2slE/j2M9oGkd25DNw==",
        "dependencies": {
          "Microsoft.Extensions.DependencyInjection.Abstractions": "9.0.0"
        }
      },
      "Microsoft.NET.ILLink.Tasks": {
        "type": "Direct",
        "requested": "[10.0.3, )",
        "resolved": "10.0.3",
        "contentHash": "0B6nZyCHWXnvmlB559oduOspVdNOnpNXPjhpWVMovLPAsDVG7A4jJR9rzECf67JUzxP8/ee/wA8clwIzJcWNFA=="
      },
      "Tesseract": {
        "type": "Direct",
        "requested": "[5.2.0, )",
        "resolved": "5.2.0",
        "contentHash": "YB7feJlrTWSXtK8+WaCcseGSPK/1r2d2FWeKGyndlrPwYClrzTlCoHD4/oQEUjKafmpkWlhTZZ7pxiRJYZgj6w=="
      },
      "Vortice.Direct3D11": {
        "type": "Direct",
        "requested": "[3.6.2, )",
        "resolved": "3.6.2",
        "contentHash": "+tXkwV4YVFgox3NjLGBOPmEHK8Jd/8ElI3X8aX7xq4JhsC3J9BqpUhpI+4LOKeCGN+XCORhyFq0ow+pB44YQTg==",
        "dependencies": {
          "SharpGen.Runtime": "2.2.0-beta",
          "Vortice.DXGI": "3.6.2"
        }
      },
      "Microsoft.Extensions.DependencyInjection.Abstractions": {
        "type": "Transitive",
        "resolved": "9.0.0",
        "contentHash": "+6f2qv2a3dLwd5w6JanPIPs47CxRbnk+ZocMJUhv9NxP88VlOcJYZs9jY+MYSjxvady08bUZn6qgiNh7DadGgg=="
      },
      "SharpGen.Runtime": {
        "type": "Transitive",
        "resolved": "2.2.0-beta",
        "contentHash": "pqf/lAf4jy1iWqkm37JmhoQhBMPVudI/F9qp2zVvzjWAPeSggRIuxGMVEZQ4UQiqtJ1Rf/+j3MVAONGYyCEDzQ=="
      },
      "SharpGen.Runtime.COM": {
        "type": "Transitive",
        "resolved": "2.2.0-beta",
        "contentHash": "4vsXC8ohyVslcUDVBoVXLDkjKprqujh3GWy+DqqULjyZ3GCx7nwRAV5DdrXZxX70iEiKyI3TxW3Qhf/oOXeC1Q==",
        "dependencies": {
          "SharpGen.Runtime": "2.2.0-beta"
        }
      },
      "Vortice.DirectX": {
        "type": "Transitive",
        "resolved": "3.6.2",
        "contentHash": "pa/97U5IHascS/UJzMWFSKIs3wxh36zc8JpI+fzi/JLQk4wfTZur0n/Y9Lcp8i7hsf613Vu/6n6IImWSc9wupw==",
        "dependencies": {
          "SharpGen.Runtime": "2.2.0-beta",
          "SharpGen.Runtime.COM": "2.2.0-beta",
          "Vortice.Mathematics": "1.9.2"
        }
      },
      "Vortice.DXGI": {
        "type": "Transitive",
        "resolved": "3.6.2",
        "contentHash": "SPnBb1x3+CEqq7L5SEejElD2tMjkdE+bqN4c/eSNHj9WEpRPvAO0QFSEN8d9LiRDt9i9geD8m7E4s8sLMgz2qQ==",
        "dependencies": {
          "SharpGen.Runtime": "2.2.0-beta",
          "Vortice.DirectX": "3.6.2"
        }
      },
      "Vortice.Mathematics": {
        "type": "Transitive",
        "resolved": "1.9.2",
        "contentHash": "+fS68BN4Kn1g+Roh7qnuBdXnVrfpr9DpwPMsqe27J04nDCFUuhEvo+T5PqXU1lZwn8sLlNayWCx/U6w4gWCvuA=="
      },
      "scrybe.core": {
        "type": "Project"
      },
      "scrybe.ocr": {
        "type": "Project",
        "dependencies": {
          "Scrybe.Core": "[1.0.609.1, )",
          "Tesseract": "[5.2.0, )"
        }
      }
    },
    "net10.0-windows10.0.19041/win-x64": {}
  }
}
